
Microsoft Visual Studio Solution File, Format Version 12.00
# Visual Studio Version 17
VisualStudioVersion = 17.5.33516.290
MinimumVisualStudioVersion = 10.0.40219.1
Project("{778DAE3C-4631-46EA-AA77-85C1314464D9}") = "LeagueNetworkLogReader", "LeagueNetworkLogReader.vbproj", "{86DF1DC1-EAE9-4F85-9C75-F7B9ED9C5E60}"
EndProject
Global
	GlobalSection(SolutionConfigurationPlatforms) = preSolution
		Debug|Any CPU = Debug|Any CPU
		Release|Any CPU = Release|Any CPU
	EndGlobalSection
	GlobalSection(ProjectConfigurationPlatforms) = postSolution
		{86DF1DC1-EAE9-4F85-9C75-F7B9ED9C5E60}.Debug|Any CPU.ActiveCfg = Debug|Any CPU
		{86DF1DC1-EAE9-4F85-9C75-F7B9ED9C5E60}.Debug|Any CPU.Build.0 = Debug|Any CPU
		{86DF1DC1-EAE9-4F85-9C75-F7B9ED9C5E60}.Release|Any CPU.ActiveCfg = Release|Any CPU
		{86DF1DC1-EAE9-4F85-9C75-F7B9ED9C5E60}.Release|Any CPU.Build.0 = Release|Any CPU
	EndGlobalSection
	GlobalSection(SolutionProperties) = preSolution
		HideSolutionNode = FALSE
	EndGlobalSection
	GlobalSection(ExtensibilityGlobals) = postSolution
		SolutionGuid = {5FE4ECC3-C16A-4497-9307-491EA358665D}
	EndGlobalSection
EndGlobal
